// !$*UTF8*$!
{
	archiveVersion = 1;
	classes = {
	};
	objectVersion = 50;
	objects = {

/* Begin PBXBuildFile section */
		007F581C23E5BB5600737199 /* AppDelegate.swift in Sources */ = {isa = PBXBuildFile; fileRef = 007F581B23E5BB5600737199 /* AppDelegate.swift */; };
		007F581E23E5BB5600737199 /* SceneDelegate.swift in Sources */ = {isa = PBXBuildFile; fileRef = 007F581D23E5BB5600737199 /* SceneDelegate.swift */; };
		007F582023E5BB5600737199 /* ViewController.swift in Sources */ = {isa = PBXBuildFile; fileRef = 007F581F23E5BB5600737199 /* ViewController.swift */; };
		007F582323E5BB5600737199 /* Main.storyboard in Resources */ = {isa = PBXBuildFile; fileRef = 007F582123E5BB5600737199 /* Main.storyboard */; };
		007F582523E5BB5D00737199 /* Assets.xcassets in Resources */ = {isa = PBXBuildFile; fileRef = 007F582423E5BB5D00737199 /* Assets.xcassets */; };
		007F582823E5BB5D00737199 /* LaunchScreen.storyboard in Resources */ = {isa = PBXBuildFile; fileRef = 007F582623E5BB5D00737199 /* LaunchScreen.storyboard */; };
		007F583023E5BBFC00737199 /* NextViewController.swift in Sources */ = {isa = PBXBuildFile; fileRef = 007F582F23E5BBFC00737199 /* NextViewController.swift */; };
/* End PBXBuildFile section */

/* Begin PBXFileReference section */
		007F581823E5BB5600737199 /* Swift5ModalScreenTransition.app */ = {isa = PBXFileReference; explicitFileType = wrapper.application; includeInIndex = 0; path = Swift5ModalScreenTransition.app; sourceTree = BUILT_PRODUCTS_DIR; };
		007F581B23E5BB5600737199 /* AppDelegate.swift */ = {isa = PBXFileReference; lastKnownFileType = sourcecode.swift; path = AppDelegate.swift; sourceTree = "<group>"; };
		007F581D23E5BB5600737199 /* SceneDelegate.swift */ = {isa = PBXFileReference; lastKnownFileType = sourcecode.swift; path = SceneDelegate.swift; sourceTree = "<group>"; };
		007F581F23E5BB5600737199 /* ViewController.swift */ = {isa = PBXFileReference; lastKnownFileType = sourcecode.swift; path = ViewController.swift; sourceTree = "<group>"; };
		007F582223E5BB5600737199 /* Base */ = {isa = PBXFileReference; lastKnownFileType = file.storyboard; name = Base; path = Base.lproj/Main.storyboard; sourceTree = "<group>"; };
		007F582423E5BB5D00737199 /* Assets.xcassets */ = {isa = PBXFileReference; lastKnownFileType = folder.assetcatalog; path = Assets.xcassets; sourceTree = "<group>"; };
		007F582723E5BB5D00737199 /* Base */ = {isa = PBXFileReference; lastKnownFileType = file.storyboard; name = Base; path = Base.lproj/LaunchScreen.storyboard; sourceTree = "<group>"; };
		007F582923E5BB5D00737199 /* Info.plist */ = {isa = PBXFileReference; lastKnownFileType = text.plist.xml; path = Info.plist; sourceTree = "<group>"; };
		007F582F23E5BBFC00737199 /* NextViewController.swift */ = {isa = PBXFileReference; lastKnownFileType = sourcecode.swift; path = NextViewController.swift; sourceTree = "<group>"; };
/* End PBXFileReference section */

/* Begin PBXFrameworksBuildPhase section */
		007F581523E5BB5600737199 /* Frameworks */ = {
			isa = PBXFrameworksBuildPhase;
			buildActionMask = 2147483647;
			files = (
			);
			runOnlyForDeploymentPostprocessing = 0;
		};
/* End PBXFrameworksBuildPhase section */

/* Begin PBXGroup section */
		007F580F23E5BB5600737199 = {
			isa = PBXGroup;
			children = (
				007F581A23E5BB5600737199 /* Swift5ModalScreenTransition */,
				007F581923E5BB5600737199 /* Products */,
			);
			sourceTree = "<group>";
		};
		007F581923E5BB5600737199 /* Products */ = {
			isa = PBXGroup;
			children = (
				007F581823E5BB5600737199 /* Swift5ModalScreenTransition.app */,
			);
			name = Products;
			sourceTree = "<group>";
		};
		007F581A23E5BB5600737199 /* Swift5ModalScreenTransition */ = {
			isa = PBXGroup;
			children = (
				007F581B23E5BB5600737199 /* AppDelegate.swift */,
				007F581D23E5BB5600737199 /* SceneDelegate.swift */,
				007F581F23E5BB5600737199 /* ViewController.swift */,
				007F582F23E5BBFC00737199 /* NextViewController.swift */,
				007F582123E5BB5600737199 /* Main.storyboard */,
				007F582423E5BB5D00737199 /* Assets.xcassets */,
				007F582623E5BB5D00737199 /* LaunchScreen.storyboard */,
				007F582923E5BB5D00737199 /* Info.plist */,
			);
			path = Swift5ModalScreenTransition;
			sourceTree = "<group>";
		};
/* End PBXGroup section */

/* Begin PBXNativeTarget section */
		007F581723E5BB5600737199 /* Swift5ModalScreenTransition */ = {
			isa = PBXNativeTarget;
			buildConfigurationList = 007F582C23E5BB5D00737199 /* Build configuration list for PBXNativeTarget "Swift5ModalScreenTransition" */;
			buildPhases = (
				007F581423E5BB5600737199 /* Sources */,
				007F581523E5BB5600737199 /* Frameworks */,
				007F581623E5BB5600737199 /* Resources */,
			);
			buildRules = (
			);
			dependencies = (
			);
			name = Swift5ModalScreenTransition;
			productName = Swift5ModalScreenTransition;
			productReference = 007F581823E5BB5600737199 /* Swift5ModalScreenTransition.app */;
			productType = "com.apple.product-type.application";
		};
/* End PBXNativeTarget section */

/* Begin PBXProject section */
		007F581023E5BB5600737199 /* Project object */ = {
			isa = PBXProject;
			attributes = {
				LastSwiftUpdateCheck = 1130;
				LastUpgradeCheck = 1130;
				ORGANIZATIONNAME = "Shoma Sato";
				TargetAttributes = {
					007F581723E5BB5600737199 = {
						CreatedOnToolsVersion = 11.3.1;
					};
				};
			};
			buildConfigurationList = 007F581323E5BB5600737199 /* Build configuration list for PBXProject "Swift5ModalScreenTransition" */;
			compatibilityVersion = "Xcode 9.3";
			developmentRegion = en;
			hasScannedForEncodings = 0;
			knownRegions = (
				en,
				Base,
			);
			mainGroup = 007F580F23E5BB5600737199;
			productRefGroup = 007F581923E5BB5600737199 /* Products */;
			projectDirPath = "";
			projectRoot = "";
			targets = (
				007F581723E5BB5600737199 /* Swift5ModalScreenTransition */,
			);
		};
/* End PBXProject section */

/* Begin PBXResourcesBuildPhase section */
		007F581623E5BB5600737199 /* Resources */ = {
			isa = PBXResourcesBuildPhase;
			buildActionMask = 2147483647;
			files = (
				007F582823E5BB5D00737199 /* LaunchScreen.storyboard in Resources */,
				007F582523E5BB5D00737199 /* Assets.xcassets in Resources */,
				007F582323E5BB5600737199 /* Main.storyboard in Resources */,
			);
			runOnlyForDeploymentPostprocessing = 0;
		};
/* End PBXResourcesBuildPhase section */

/* Begin PBXSourcesBuildPhase section */
		007F581423E5BB5600737199 /* Sources */ = {
			isa = PBXSourcesBuildPhase;
			buildActionMask = 2147483647;
			files = (
				007F582023E5BB5600737199 /* ViewController.swift in Sources */,
				007F583023E5BBFC00737199 /* NextViewController.swift in Sources */,
				007F581C23E5BB5600737199 /* AppDelegate.swift in Sources */,
				007F581E23E5BB5600737199 /* SceneDelegate.swift in Sources */,
			);
			runOnlyForDeploymentPostprocessing = 0;
		};
/* End PBXSourcesBuildPhase section */

/* Begin PBXVariantGroup section */
		007F582123E5BB5600737199 /* Main.storyboard */ = {
			isa = PBXVariantGroup;
			children = (
				007F582223E5BB5600737199 /* Base */,
			);
			name = Main.storyboard;
			sourceTree = "<group>";
		};
		007F582623E5BB5D00737199 /* LaunchScreen.storyboard */ = {
			isa = PBXVariantGroup;
			children = (
				007F582723E5BB5D00737199 /* Base */,
			);
			name = LaunchScreen.storyboard;
			sourceTree = "<group>";
		};
/* End PBXVariantGroup section */

/* Begin XCBuildConfiguration section */
		007F582A23E5BB5D00737199 /* Debug */ = {
			isa = XCBuildConfiguration;
			buildSettings = {
				ALWAYS_SEARCH_USER_PATHS = NO;
				CLANG_ANALYZER_NONNULL = YES;
				CLANG_ANALYZER_NUMBER_OBJECT_CONVERSION = YES_AGGRESSIVE;
				CLANG_CXX_LANGUAGE_STANDARD = "gnu++14";
				CLANG_CXX_LIBRARY = "libc++";
				CLANG_ENABLE_MODULES = YES;
				CLANG_ENABLE_OBJC_ARC = YES;
				CLANG_ENABLE_OBJC_WEAK = YES;
				CLANG_WARN_BLOCK_CAPTURE_AUTORELEASING = YES;
				CLANG_WARN_BOOL_CONVERSION = YES;
				CLANG_WARN_COMMA = YES;
				CLANG_WARN_CONSTANT_CONVERSION = YES;
				CLANG_WARN_DEPRECATED_OBJC_IMPLEMENTATIONS = YES;
				CLANG_WARN_DIRECT_OBJC_ISA_USAGE = YES_ERROR;
				CLANG_WARN_DOCUMENTATION_COMMENTS = YES;
				CLANG_WARN_EMPTY_BODY = YES;
				CLANG_WARN_ENUM_CONVERSION = YES;
				CLANG_WARN_INFINITE_RECURSION = YES;
				CLANG_WARN_INT_CONVERSION = YES;
				CLANG_WARN_NON_LITERAL_NULL_CONVERSION = YES;
				CLANG_WARN_OBJC_IMPLICIT_RETAIN_SELF = YES;
				CLANG_WARN_OBJC_LITERAL_CONVERSION = YES;
				CLANG_WARN_OBJC_ROOT_CLASS = YES_ERROR;
				CLANG_WARN_RANGE_LOOP_ANALYSIS = YES;
				CLANG_WARN_STRICT_PROTOTYPES = YES;
				CLANG_WARN_SUSPICIOUS_MOVE = YES;
				CLANG_WARN_UNGUARDED_AVAILABILITY = YES_AGGRESSIVE;
				CLANG_WARN_UNREACHABLE_CODE = YES;
				CLANG_WARN__DUPLICATE_METHOD_MATCH = YES;
				COPY_PHASE_STRIP = NO;
				DEBUG_INFORMATION_FORMAT = dwarf;
				ENABLE_STRICT_OBJC_MSGSEND = YES;
				ENABLE_TESTABILITY = YES;
				GCC_C_LANGUAGE_STANDARD = gnu11;
				GCC_DYNAMIC_NO_PIC = NO;
				GCC_NO_COMMON_BLOCKS = YES;
				GCC_OPTIMIZATION_LEVEL = 0;
				GCC_PREPROCESSOR_DEFINITIONS = (
					"DEBUG=1",
					"$(inherited)",
				);
				GCC_WARN_64_TO_32_BIT_CONVERSION = YES;
				GCC_WARN_ABOUT_RETURN_TYPE = YES_ERROR;
				GCC_WARN_UNDECLARED_SELECTOR = YES;
				GCC_WARN_UNINITIALIZED_AUTOS = YES_AGGRESSIVE;
				GCC_WARN_UNUSED_FUNCTION = YES;
				GCC_WARN_UNUSED_VARIABLE = YES;
				IPHONEOS_DEPLOYMENT_TARGET = 13.2;
				MTL_ENABLE_DEBUG_INFO = INCLUDE_SOURCE;
				MTL_FAST_MATH = YES;
				ONLY_ACTIVE_ARCH = YES;
				SDKROOT = iphoneos;
				SWIFT_ACTIVE_COMPILATION_CONDITIONS = DEBUG;
				SWIFT_OPTIMIZATION_LEVEL = "-Onone";
			};
			name = Debug;
		};
		007F582B23E5BB5D00737199 /* Release */ = {
			isa = XCBuildConfiguration;
			buildSettings = {
				ALWAYS_SEARCH_USER_PATHS = NO;
				CLANG_ANALYZER_NONNULL = YES;
				CLANG_ANALYZER_NUMBER_OBJECT_CONVERSION = YES_AGGRESSIVE;
				CLANG_CXX_LANGUAGE_STANDARD = "gnu++14";
				CLANG_CXX_LIBRARY = "libc++";
				CLANG_ENABLE_MODULES = YES;
				CLANG_ENABLE_OBJC_ARC = YES;
				CLANG_ENABLE_OBJC_WEAK = YES;
				CLANG_WARN_BLOCK_CAPTURE_AUTORELEASING = YES;
				CLANG_WARN_BOOL_CONVERSION = YES;
				CLANG_WARN_COMMA = YES;
				CLANG_WARN_CONSTANT_CONVERSION = YES;
				CLANG_WARN_DEPRECATED_OBJC_IMPLEMENTATIONS = YES;
				CLANG_WARN_DIRECT_OBJC_ISA_USAGE = YES_ERROR;
				CLANG_WARN_DOCUMENTATION_COMMENTS = YES;
				CLANG_WARN_EMPTY_BODY = YES;
				CLANG_WARN_ENUM_CONVERSION = YES;
				CLANG_WARN_INFINITE_RECURSION = YES;
				CLANG_WARN_INT_CONVERSION = YES;
				CLANG_WARN_NON_LITERAL_NULL_CONVERSION = YES;
				CLANG_WARN_OBJC_IMPLICIT_RETAIN_SELF = YES;
				CLANG_WARN_OBJC_LITERAL_CONVERSION = YES;
				CLANG_WARN_OBJC_ROOT_CLASS = YES_ERROR;
				CLANG_WARN_RANGE_LOOP_ANALYSIS = YES;
				CLANG_WARN_STRICT_PROTOTYPES = YES;
				CLANG_WARN_SUSPICIOUS_MOVE = YES;
				CLANG_WARN_UNGUARDED_AVAILABILITY = YES_AGGRESSIVE;
				CLANG_WARN_UNREACHABLE_CODE = YES;
				CLANG_WARN__DUPLICATE_METHOD_MATCH = YES;
				COPY_PHASE_STRIP = NO;
				DEBUG_INFORMATION_FORMAT = "dwarf-with-dsym";
				ENABLE_NS_ASSERTIONS = NO;
				ENABLE_STRICT_OBJC_MSGSEND = YES;
				GCC_C_LANGUAGE_STANDARD = gnu11;
				GCC_NO_COMMON_BLOCKS = YES;
				GCC_WARN_64_TO_32_BIT_CONVERSION = YES;
				GCC_WARN_ABOUT_RETURN_TYPE = YES_ERROR;
				GCC_WARN_UNDECLARED_SELECTOR = YES;
				GCC_WARN_UNINITIALIZED_AUTOS = YES_AGGRESSIVE;
				GCC_WARN_UNUSED_FUNCTION = YES;
				GCC_WARN_UNUSED_VARIABLE = YES;
				IPHONEOS_DEPLOYMENT_TARGET = 13.2;
				MTL_ENABLE_DEBUG_INFO = NO;
				MTL_FAST_MATH = YES;
				SDKROOT = iphoneos;
				SWIFT_COMPILATION_MODE = wholemodule;
				SWIFT_OPTIMIZATION_LEVEL = "-O";
				VALIDATE_PRODUCT = YES;
			};
			name = Release;
		};
		007F582D23E5BB5D00737199 /* Debug */ = {
			isa = XCBuildConfiguration;
			buildSettings = {
				ASSETCATALOG_COMPILER_APPICON_NAME = AppIcon;
				CODE_SIGN_STYLE = Automatic;
				DEVELOPMENT_TEAM = K97AMW96QU;
				INFOPLIST_FILE = Swift5ModalScreenTransition/Info.plist;
				LD_RUNPATH_SEARCH_PATHS = (
					"$(inherited)",
					"@executable_path/Frameworks",
				);
				PRODUCT_BUNDLE_IDENTIFIER = com.gmail.finalyamato2202.Swift5ModalScreenTransition;
				PRODUCT_NAME = "$(TARGET_NAME)";
				SWIFT_VERSION = 5.0;
				TARGETED_DEVICE_FAMILY = 1;
			};
			name = Debug;
		};
		007F582E23E5BB5D00737199 /* Release */ = {
			isa = XCBuildConfiguration;
			buildSettings = {
				ASSETCATALOG_COMPILER_APPICON_NAME = AppIcon;
				CODE_SIGN_STYLE = Automatic;
				DEVELOPMENT_TEAM = K97AMW96QU;
				INFOPLIST_FILE = Swift5ModalScreenTransition/Info.plist;
				LD_RUNPATH_SEARCH_PATHS = (
					"$(inherited)",
					"@executable_path/Frameworks",
				);
				PRODUCT_BUNDLE_IDENTIFIER = com.gmail.finalyamato2202.Swift5ModalScreenTransition;
				PRODUCT_NAME = "$(TARGET_NAME)";
				SWIFT_VERSION = 5.0;
				TARGETED_DEVICE_FAMILY = 1;
			};
			name = Release;
		};
/* End XCBuildConfiguration section */

/* Begin XCConfigurationList section */
		007F581323E5BB5600737199 /* Build configuration list for PBXProject "Swift5ModalScreenTransition" */ = {
			isa = XCConfigurationList;
			buildConfigurations = (
				007F582A23E5BB5D00737199 /* Debug */,
				007F582B23E5BB5D00737199 /* Release */,
			);
			defaultConfigurationIsVisible = 0;
			defaultConfigurationName = Release;
		};
		007F582C23E5BB5D00737199 /* Build configuration list for PBXNativeTarget "Swift5ModalScreenTransition" */ = {
			isa = XCConfigurationList;
			buildConfigurations = (
				007F582D23E5BB5D00737199 /* Debug */,
				007F582E23E5BB5D00737199 /* Release */,
			);
			defaultConfigurationIsVisible = 0;
			defaultConfigurationName = Release;
		};
/* End XCConfigurationList section */
	};
	rootObject = 007F581023E5BB5600737199 /* Project object */;
}
